
Microsoft Visual Studio Solution File, Format Version 12.00
# Visual Studio Version 16
VisualStudioVersion = 16.0.29324.140
MinimumVisualStudioVersion = 10.0.40219.1
Project("{FAE04EC0-301F-11D3-BF4B-00C04F79EFBC}") = "PortalEquador", "PortalEquador.csproj", "{DE22064C-DDFE-4129-A20F-29E284E40877}"
EndProject
Global
	GlobalSection(SolutionConfigurationPlatforms) = preSolution
		Debug|Any CPU = Debug|Any CPU
		Release|Any CPU = Release|Any CPU
	EndGlobalSection
	GlobalSection(ProjectConfigurationPlatforms) = postSolution
		{DE22064C-DDFE-4129-A20F-29E284E40877}.Debug|Any CPU.ActiveCfg = Debug|Any CPU
		{DE22064C-DDFE-4129-A20F-29E284E40877}.Debug|Any CPU.Build.0 = Debug|Any CPU
		{DE22064C-DDFE-4129-A20F-29E284E40877}.Release|Any CPU.ActiveCfg = Release|Any CPU
		{DE22064C-DDFE-4129-A20F-29E284E40877}.Release|Any CPU.Build.0 = Release|Any CPU
	EndGlobalSection
	GlobalSection(SolutionProperties) = preSolution
		HideSolutionNode = FALSE
	EndGlobalSection
	GlobalSection(ExtensibilityGlobals) = postSolution
		SolutionGuid = {B66E3B55-95AA-4B7F-B7C2-B66A42F08E1B}
	EndGlobalSection
EndGlobal
